// !$*UTF8*$!
{
	archiveVersion = 1;
	classes = {
	};
	objectVersion = 77;
	objects = {

/* Begin PBXContainerItemProxy section */
		CE04CABB2ED05B3000DCD32D /* PBXContainerItemProxy */ = {
			isa = PBXContainerItemProxy;
			containerPortal = CE04CA9C2ED05B2E00DCD32D /* Project object */;
			proxyType = 1;
			remoteGlobalIDString = CE04CAA32ED05B2E00DCD32D;
			remoteInfo = "Orioks-iOS";
		};
		CE04CAC52ED05B3000DCD32D /* PBXContainerItemProxy */ = {
			isa = PBXContainerItemProxy;
			containerPortal = CE04CA9C2ED05B2E00DCD32D /* Project object */;
			proxyType = 1;
			remoteGlobalIDString = CE04CAA32ED05B2E00DCD32D;
			remoteInfo = "Orioks-iOS";
		};
/* End PBXContainerItemProxy section */

/* Begin PBXFileReference section */
		CE04CAA42ED05B2E00DCD32D /* Orioks_iOS.app */ = {isa = PBXFileReference; explicitFileType = wrapper.application; includeInIndex = 0; path = Orioks_iOS.app; sourceTree = BUILT_PRODUCTS_DIR; };
		CE04CABA2ED05B3000DCD32D /* Orioks_iOSTests.xctest */ = {isa = PBXFileReference; explicitFileType = wrapper.cfbundle; includeInIndex = 0; path = Orioks_iOSTests.xctest; sourceTree = BUILT_PRODUCTS_DIR; };
		CE04CAC42ED05B3000DCD32D /* Orioks_iOSUITests.xctest */ = {isa = PBXFileReference; explicitFileType = wrapper.cfbundle; includeInIndex = 0; path = Orioks_iOSUITests.xctest; sourceTree = BUILT_PRODUCTS_DIR; };
/* End PBXFileReference section */

/* Begin PBXFileSystemSynchronizedBuildFileExceptionSet section */
		CE04CACC2ED05B3000DCD32D /* Exceptions for "Orioks-iOS" folder in "Orioks_iOS" target */ = {
			isa = PBXFileSystemSynchronizedBuildFileExceptionSet;
			membershipExceptions = (
				Info.plist,
			);
			target = CE04CAA32ED05B2E00DCD32D /* Orioks_iOS */;
		};
/* End PBXFileSystemSynchronizedBuildFileExceptionSet section */

/* Begin PBXFileSystemSynchronizedRootGroup section */
		CE04CAA62ED05B2E00DCD32D /* Orioks-iOS */ = {
			isa = PBXFileSystemSynchronizedRootGroup;
			exceptions = (
				CE04CACC2ED05B3000DCD32D /* Exceptions for "Orioks-iOS" folder in "Orioks_iOS" target */,
			);
			path = "Orioks-iOS";
			sourceTree = "<group>";
		};
		CE04CABD2ED05B3000DCD32D /* Orioks-iOSTests */ = {
			isa = PBXFileSystemSynchronizedRootGroup;
			path = "Orioks-iOSTests";
			sourceTree = "<group>";
		};
		CE04CAC72ED05B3000DCD32D /* Orioks-iOSUITests */ = {
			isa = PBXFileSystemSynchronizedRootGroup;
			path = "Orioks-iOSUITests";
			sourceTree = "<group>";
		};
/* End PBXFileSystemSynchronizedRootGroup section */

/* Begin PBXFrameworksBuildPhase section */
		CE04CAA12ED05B2E00DCD32D /* Frameworks */ = {
			isa = PBXFrameworksBuildPhase;
			buildActionMask = 2147483647;
			files = (
			);
			runOnlyForDeploymentPostprocessing = 0;
		};
		CE04CAB72ED05B3000DCD32D /* Frameworks */ = {
			isa = PBXFrameworksBuildPhase;
			buildActionMask = 2147483647;
			files = (
			);
			runOnlyForDeploymentPostprocessing = 0;
		};
		CE04CAC12ED05B3000DCD32D /* Frameworks */ = {
			isa = PBXFrameworksBuildPhase;
			buildActionMask = 2147483647;
			files = (
			);
			runOnlyForDeploymentPostprocessing = 0;
		};
/* End PBXFrameworksBuildPhase section */

/* Begin PBXGroup section */
		CE04CA9B2ED05B2E00DCD32D = {
			isa = PBXGroup;
			children = (
				CE04CAA62ED05B2E00DCD32D /* Orioks-iOS */,
				CE04CABD2ED05B3000DCD32D /* Orioks-iOSTests */,
				CE04CAC72ED05B3000DCD32D /* Orioks-iOSUITests */,
				CE04CAA52ED05B2E00DCD32D /* Products */,
			);
			sourceTree = "<group>";
		};
		CE04CAA52ED05B2E00DCD32D /* Products */ = {
			isa = PBXGroup;
			children = (
				CE04CAA42ED05B2E00DCD32D /* Orioks_iOS.app */,
				CE04CABA2ED05B3000DCD32D /* Orioks_iOSTests.xctest */,
				CE04CAC42ED05B3000DCD32D /* Orioks_iOSUITests.xctest */,
			);
			name = Products;
			sourceTree = "<group>";
		};
/* End PBXGroup section */

/* Begin PBXNativeTarget section */
		CE04CAA32ED05B2E00DCD32D /* Orioks_iOS */ = {
			isa = PBXNativeTarget;
			buildConfigurationList = CE04CACD2ED05B3000DCD32D /* Build configuration list for PBXNativeTarget "Orioks_iOS" */;
			buildPhases = (
				CE04CAA02ED05B2E00DCD32D /* Sources */,
				CE04CAA12ED05B2E00DCD32D /* Frameworks */,
				CE04CAA22ED05B2E00DCD32D /* Resources */,
			);
			buildRules = (
			);
			dependencies = (
			);
			fileSystemSynchronizedGroups = (
				CE04CAA62ED05B2E00DCD32D /* Orioks-iOS */,
			);
			name = Orioks_iOS;
			packageProductDependencies = (
			);
			productName = "Orioks-iOS";
			productReference = CE04CAA42ED05B2E00DCD32D /* Orioks_iOS.app */;
			productType = "com.apple.product-type.application";
		};
		CE04CAB92ED05B3000DCD32D /* Orioks_iOSTests */ = {
			isa = PBXNativeTarget;
			buildConfigurationList = CE04CAD22ED05B3000DCD32D /* Build configuration list for PBXNativeTarget "Orioks_iOSTests" */;
			buildPhases = (
				CE04CAB62ED05B3000DCD32D /* Sources */,
				CE04CAB72ED05B3000DCD32D /* Frameworks */,
				CE04CAB82ED05B3000DCD32D /* Resources */,
			);
			buildRules = (
			);
			dependencies = (
				CE04CABC2ED05B3000DCD32D /* PBXTargetDependency */,
			);
			fileSystemSynchronizedGroups = (
				CE04CABD2ED05B3000DCD32D /* Orioks-iOSTests */,
			);
			name = Orioks_iOSTests;
			packageProductDependencies = (
			);
			productName = "Orioks-iOSTests";
			productReference = CE04CABA2ED05B3000DCD32D /* Orioks_iOSTests.xctest */;
			productType = "com.apple.product-type.bundle.unit-test";
		};
		CE04CAC32ED05B3000DCD32D /* Orioks_iOSUITests */ = {
			isa = PBXNativeTarget;
			buildConfigurationList = CE04CAD52ED05B3000DCD32D /* Build configuration list for PBXNativeTarget "Orioks_iOSUITests" */;
			buildPhases = (
				CE04CAC02ED05B3000DCD32D /* Sources */,
				CE04CAC12ED05B3000DCD32D /* Frameworks */,
				CE04CAC22ED05B3000DCD32D /* Resources */,
			);
			buildRules = (
			);
			dependencies = (
				CE04CAC62ED05B3000DCD32D /* PBXTargetDependency */,
			);
			fileSystemSynchronizedGroups = (
				CE04CAC72ED05B3000DCD32D /* Orioks-iOSUITests */,
			);
			name = Orioks_iOSUITests;
			packageProductDependencies = (
			);
			productName = "Orioks-iOSUITests";
			productReference = CE04CAC42ED05B3000DCD32D /* Orioks_iOSUITests.xctest */;
			productType = "com.apple.product-type.bundle.ui-testing";
		};
/* End PBXNativeTarget section */

/* Begin PBXProject section */
		CE04CA9C2ED05B2E00DCD32D /* Project object */ = {
			isa = PBXProject;
			attributes = {
				BuildIndependentTargetsInParallel = 1;
				LastSwiftUpdateCheck = 1640;
				LastUpgradeCheck = 1640;
				TargetAttributes = {
					CE04CAA32ED05B2E00DCD32D = {
						CreatedOnToolsVersion = 16.4;
					};
					CE04CAB92ED05B3000DCD32D = {
						CreatedOnToolsVersion = 16.4;
						TestTargetID = CE04CAA32ED05B2E00DCD32D;
					};
					CE04CAC32ED05B3000DCD32D = {
						CreatedOnToolsVersion = 16.4;
						TestTargetID = CE04CAA32ED05B2E00DCD32D;
					};
				};
			};
			buildConfigurationList = CE04CA9F2ED05B2E00DCD32D /* Build configuration list for PBXProject "Orioks_iOS" */;
			developmentRegion = en;
			hasScannedForEncodings = 0;
			knownRegions = (
				en,
				Base,
			);
			mainGroup = CE04CA9B2ED05B2E00DCD32D;
			minimizedProjectReferenceProxies = 1;
			preferredProjectObjectVersion = 77;
			productRefGroup = CE04CAA52ED05B2E00DCD32D /* Products */;
			projectDirPath = "";
			projectRoot = "";
			targets = (
				CE04CAA32ED05B2E00DCD32D /* Orioks_iOS */,
				CE04CAB92ED05B3000DCD32D /* Orioks_iOSTests */,
				CE04CAC32ED05B3000DCD32D /* Orioks_iOSUITests */,
			);
		};
/* End PBXProject section */

/* Begin PBXResourcesBuildPhase section */
		CE04CAA22ED05B2E00DCD32D /* Resources */ = {
			isa = PBXResourcesBuildPhase;
			buildActionMask = 2147483647;
			files = (
			);
			runOnlyForDeploymentPostprocessing = 0;
		};
		CE04CAB82ED05B3000DCD32D /* Resources */ = {
			isa = PBXResourcesBuildPhase;
			buildActionMask = 2147483647;
			files = (
			);
			runOnlyForDeploymentPostprocessing = 0;
		};
		CE04CAC22ED05B3000DCD32D /* Resources */ = {
			isa = PBXResourcesBuildPhase;
			buildActionMask = 2147483647;
			files = (
			);
			runOnlyForDeploymentPostprocessing = 0;
		};
/* End PBXResourcesBuildPhase section */

/* Begin PBXSourcesBuildPhase section */
		CE04CAA02ED05B2E00DCD32D /* Sources */ = {
			isa = PBXSourcesBuildPhase;
			buildActionMask = 2147483647;
			files = (
			);
			runOnlyForDeploymentPostprocessing = 0;
		};
		CE04CAB62ED05B3000DCD32D /* Sources */ = {
			isa = PBXSourcesBuildPhase;
			buildActionMask = 2147483647;
			files = (
			);
			runOnlyForDeploymentPostprocessing = 0;
		};
		CE04CAC02ED05B3000DCD32D /* Sources */ = {
			isa = PBXSourcesBuildPhase;
			buildActionMask = 2147483647;
			files = (
			);
			runOnlyForDeploymentPostprocessing = 0;
		};
/* End PBXSourcesBuildPhase section */

/* Begin PBXTargetDependency section */
		CE04CABC2ED05B3000DCD32D /* PBXTargetDependency */ = {
			isa = PBXTargetDependency;
			target = CE04CAA32ED05B2E00DCD32D /* Orioks_iOS */;
			targetProxy = CE04CABB2ED05B3000DCD32D /* PBXContainerItemProxy */;
		};
		CE04CAC62ED05B3000DCD32D /* PBXTargetDependency */ = {
			isa = PBXTargetDependency;
			target = CE04CAA32ED05B2E00DCD32D /* Orioks_iOS */;
			targetProxy = CE04CAC52ED05B3000DCD32D /* PBXContainerItemProxy */;
		};
/* End PBXTargetDependency section */

/* Begin XCBuildConfiguration section */
		CE04CACE2ED05B3000DCD32D /* Debug */ = {
			isa = XCBuildConfiguration;
			buildSettings = {
				ASSETCATALOG_COMPILER_APPICON_NAME = AppIcon;
				ASSETCATALOG_COMPILER_GLOBAL_ACCENT_COLOR_NAME = AccentColor;
				CODE_SIGN_STYLE = Automatic;
				CURRENT_PROJECT_VERSION = 1;
				DEVELOPMENT_TEAM = GQ2BR2HVCB;
				GENERATE_INFOPLIST_FILE = YES;
				INFOPLIST_FILE = "Orioks-iOS/Info.plist";
				INFOPLIST_KEY_UIApplicationSupportsIndirectInputEvents = YES;
				INFOPLIST_KEY_UILaunchStoryboardName = LaunchScreen;
				INFOPLIST_KEY_UISupportedInterfaceOrientations_iPad = "UIInterfaceOrientationPortrait UIInterfaceOrientationPortraitUpsideDown UIInterfaceOrientationLandscapeLeft UIInterfaceOrientationLandscapeRight";
				INFOPLIST_KEY_UISupportedInterfaceOrientations_iPhone = "UIInterfaceOrientationPortrait UIInterfaceOrientationLandscapeLeft UIInterfaceOrientationLandscapeRight";
				IPHONEOS_DEPLOYMENT_TARGET = 17.6;
				LD_RUNPATH_SEARCH_PATHS = (
					"$(inherited)",
					"@executable_path/Frameworks",
				);
				MARKETING_VERSION = 1.0;
				PRODUCT_BUNDLE_IDENTIFIER = "miet.Orioks-iOS";
				PRODUCT_NAME = "$(TARGET_NAME)";
				SUPPORTED_PLATFORMS = "iphoneos iphonesimulator";
				SUPPORTS_MACCATALYST = NO;
				SWIFT_EMIT_LOC_STRINGS = YES;
				SWIFT_VERSION = 5.0;
				TARGETED_DEVICE_FAMILY = 1;
			};
			name = Debug;
		};
		CE04CACF2ED05B3000DCD32D /* Release */ = {
			isa = XCBuildConfiguration;
			buildSettings = {
				ASSETCATALOG_COMPILER_APPICON_NAME = AppIcon;
				ASSETCATALOG_COMPILER_GLOBAL_ACCENT_COLOR_NAME = AccentColor;
				CODE_SIGN_STYLE = Automatic;
				CURRENT_PROJECT_VERSION = 1;
				DEVELOPMENT_TEAM = GQ2BR2HVCB;
				GENERATE_INFOPLIST_FILE = YES;
				INFOPLIST_FILE = "Orioks-iOS/Info.plist";
				INFOPLIST_KEY_UIApplicationSupportsIndirectInputEvents = YES;
				INFOPLIST_KEY_UILaunchStoryboardName = LaunchScreen;
				INFOPLIST_KEY_UISupportedInterfaceOrientations_iPad = "UIInterfaceOrientationPortrait UIInterfaceOrientationPortraitUpsideDown UIInterfaceOrientationLandscapeLeft UIInterfaceOrientationLandscapeRight";
				INFOPLIST_KEY_UISupportedInterfaceOrientations_iPhone = "UIInterfaceOrientationPortrait UIInterfaceOrientationLandscapeLeft UIInterfaceOrientationLandscapeRight";
				IPHONEOS_DEPLOYMENT_TARGET = 17.6;
				LD_RUNPATH_SEARCH_PATHS = (
					"$(inherited)",
					"@executable_path/Frameworks",
				);
				MARKETING_VERSION = 1.0;
				PRODUCT_BUNDLE_IDENTIFIER = "miet.Orioks-iOS";
				PRODUCT_NAME = "$(TARGET_NAME)";
				SUPPORTED_PLATFORMS = "iphoneos iphonesimulator";
				SUPPORTS_MACCATALYST = NO;
				SWIFT_EMIT_LOC_STRINGS = YES;
				SWIFT_VERSION = 5.0;
				TARGETED_DEVICE_FAMILY = 1;
			};
			name = Release;
		};
		CE04CAD02ED05B3000DCD32D /* Debug */ = {
			isa = XCBuildConfiguration;
			buildSettings = {
				ALWAYS_SEARCH_USER_PATHS = NO;
				ASSETCATALOG_COMPILER_GENERATE_SWIFT_ASSET_SYMBOL_EXTENSIONS = YES;
				CLANG_ANALYZER_NONNULL = YES;
				CLANG_ANALYZER_NUMBER_OBJECT_CONVERSION = YES_AGGRESSIVE;
				CLANG_CXX_LANGUAGE_STANDARD = "gnu++20";
				CLANG_ENABLE_MODULES = YES;
				CLANG_ENABLE_OBJC_ARC = YES;
				CLANG_ENABLE_OBJC_WEAK = YES;
				CLANG_WARN_BLOCK_CAPTURE_AUTORELEASING = YES;
				CLANG_WARN_BOOL_CONVERSION = YES;
				CLANG_WARN_COMMA = YES;
				CLANG_WARN_CONSTANT_CONVERSION = YES;
				CLANG_WARN_DEPRECATED_OBJC_IMPLEMENTATIONS = YES;
				CLANG_WARN_DIRECT_OBJC_ISA_USAGE = YES_ERROR;
				CLANG_WARN_DOCUMENTATION_COMMENTS = YES;
				CLANG_WARN_EMPTY_BODY = YES;
				CLANG_WARN_ENUM_CONVERSION = YES;
				CLANG_WARN_INFINITE_RECURSION = YES;
				CLANG_WARN_INT_CONVERSION = YES;
				CLANG_WARN_NON_LITERAL_NULL_CONVERSION = YES;
				CLANG_WARN_OBJC_IMPLICIT_RETAIN_SELF = YES;
				CLANG_WARN_OBJC_LITERAL_CONVERSION = YES;
				CLANG_WARN_OBJC_ROOT_CLASS = YES_ERROR;
				CLANG_WARN_QUOTED_INCLUDE_IN_FRAMEWORK_HEADER = YES;
				CLANG_WARN_RANGE_LOOP_ANALYSIS = YES;
				CLANG_WARN_STRICT_PROTOTYPES = YES;
				CLANG_WARN_SUSPICIOUS_MOVE = YES;
				CLANG_WARN_UNGUARDED_AVAILABILITY = YES_AGGRESSIVE;
				CLANG_WARN_UNREACHABLE_CODE = YES;
				CLANG_WARN__DUPLICATE_METHOD_MATCH = YES;
				COPY_PHASE_STRIP = NO;
				DEBUG_INFORMATION_FORMAT = dwarf;
				DEVELOPMENT_TEAM = GQ2BR2HVCB;
				ENABLE_STRICT_OBJC_MSGSEND = YES;
				ENABLE_TESTABILITY = YES;
				ENABLE_USER_SCRIPT_SANDBOXING = YES;
				GCC_C_LANGUAGE_STANDARD = gnu17;
				GCC_DYNAMIC_NO_PIC = NO;
				GCC_NO_COMMON_BLOCKS = YES;
				GCC_OPTIMIZATION_LEVEL = 0;
				GCC_PREPROCESSOR_DEFINITIONS = (
					"DEBUG=1",
					"$(inherited)",
				);
				GCC_WARN_64_TO_32_BIT_CONVERSION = YES;
				GCC_WARN_ABOUT_RETURN_TYPE = YES_ERROR;
				GCC_WARN_UNDECLARED_SELECTOR = YES;
				GCC_WARN_UNINITIALIZED_AUTOS = YES_AGGRESSIVE;
				GCC_WARN_UNUSED_FUNCTION = YES;
				GCC_WARN_UNUSED_VARIABLE = YES;
				IPHONEOS_DEPLOYMENT_TARGET = 18.5;
				LOCALIZATION_PREFERS_STRING_CATALOGS = YES;
				MTL_ENABLE_DEBUG_INFO = INCLUDE_SOURCE;
				MTL_FAST_MATH = YES;
				ONLY_ACTIVE_ARCH = YES;
				SDKROOT = iphoneos;
				SWIFT_ACTIVE_COMPILATION_CONDITIONS = "DEBUG $(inherited)";
				SWIFT_OPTIMIZATION_LEVEL = "-Onone";
			};
			name = Debug;
		};
		CE04CAD12ED05B3000DCD32D /* Release */ = {
			isa = XCBuildConfiguration;
			buildSettings = {
				ALWAYS_SEARCH_USER_PATHS = NO;
				ASSETCATALOG_COMPILER_GENERATE_SWIFT_ASSET_SYMBOL_EXTENSIONS = YES;
				CLANG_ANALYZER_NONNULL = YES;
				CLANG_ANALYZER_NUMBER_OBJECT_CONVERSION = YES_AGGRESSIVE;
				CLANG_CXX_LANGUAGE_STANDARD = "gnu++20";
				CLANG_ENABLE_MODULES = YES;
				CLANG_ENABLE_OBJC_ARC = YES;
				CLANG_ENABLE_OBJC_WEAK = YES;
				CLANG_WARN_BLOCK_CAPTURE_AUTORELEASING = YES;
				CLANG_WARN_BOOL_CONVERSION = YES;
				CLANG_WARN_COMMA = YES;
				CLANG_WARN_CONSTANT_CONVERSION = YES;
				CLANG_WARN_DEPRECATED_OBJC_IMPLEMENTATIONS = YES;
				CLANG_WARN_DIRECT_OBJC_ISA_USAGE = YES_ERROR;
				CLANG_WARN_DOCUMENTATION_COMMENTS = YES;
				CLANG_WARN_EMPTY_BODY = YES;
				CLANG_WARN_ENUM_CONVERSION = YES;
				CLANG_WARN_INFINITE_RECURSION = YES;
				CLANG_WARN_INT_CONVERSION = YES;
				CLANG_WARN_NON_LITERAL_NULL_CONVERSION = YES;
				CLANG_WARN_OBJC_IMPLICIT_RETAIN_SELF = YES;
				CLANG_WARN_OBJC_LITERAL_CONVERSION = YES;
				CLANG_WARN_OBJC_ROOT_CLASS = YES_ERROR;
				CLANG_WARN_QUOTED_INCLUDE_IN_FRAMEWORK_HEADER = YES;
				CLANG_WARN_RANGE_LOOP_ANALYSIS = YES;
				CLANG_WARN_STRICT_PROTOTYPES = YES;
				CLANG_WARN_SUSPICIOUS_MOVE = YES;
				CLANG_WARN_UNGUARDED_AVAILABILITY = YES_AGGRESSIVE;
				CLANG_WARN_UNREACHABLE_CODE = YES;
				CLANG_WARN__DUPLICATE_METHOD_MATCH = YES;
				COPY_PHASE_STRIP = NO;
				DEBUG_INFORMATION_FORMAT = "dwarf-with-dsym";
				DEVELOPMENT_TEAM = GQ2BR2HVCB;
				ENABLE_NS_ASSERTIONS = NO;
				ENABLE_STRICT_OBJC_MSGSEND = YES;
				ENABLE_USER_SCRIPT_SANDBOXING = YES;
				GCC_C_LANGUAGE_STANDARD = gnu17;
				GCC_NO_COMMON_BLOCKS = YES;
				GCC_WARN_64_TO_32_BIT_CONVERSION = YES;
				GCC_WARN_ABOUT_RETURN_TYPE = YES_ERROR;
				GCC_WARN_UNDECLARED_SELECTOR = YES;
				GCC_WARN_UNINITIALIZED_AUTOS = YES_AGGRESSIVE;
				GCC_WARN_UNUSED_FUNCTION = YES;
				GCC_WARN_UNUSED_VARIABLE = YES;
				IPHONEOS_DEPLOYMENT_TARGET = 18.5;
				LOCALIZATION_PREFERS_STRING_CATALOGS = YES;
				MTL_ENABLE_DEBUG_INFO = NO;
				MTL_FAST_MATH = YES;
				SDKROOT = iphoneos;
				SWIFT_COMPILATION_MODE = wholemodule;
				VALIDATE_PRODUCT = YES;
			};
			name = Release;
		};
		CE04CAD32ED05B3000DCD32D /* Debug */ = {
			isa = XCBuildConfiguration;
			buildSettings = {
				BUNDLE_LOADER = "$(TEST_HOST)";
				CODE_SIGN_STYLE = Automatic;
				CURRENT_PROJECT_VERSION = 1;
				DEVELOPMENT_TEAM = GQ2BR2HVCB;
				GENERATE_INFOPLIST_FILE = YES;
				IPHONEOS_DEPLOYMENT_TARGET = 18.5;
				MARKETING_VERSION = 1.0;
				PRODUCT_BUNDLE_IDENTIFIER = "miet.Orioks-iOSTests";
				PRODUCT_NAME = "$(TARGET_NAME)";
				SWIFT_EMIT_LOC_STRINGS = NO;
				SWIFT_VERSION = 5.0;
				TARGETED_DEVICE_FAMILY = "1,2";
				TEST_HOST = "$(BUILT_PRODUCTS_DIR)/Orioks_iOS.app/$(BUNDLE_EXECUTABLE_FOLDER_PATH)/Orioks_iOS";
			};
			name = Debug;
		};
		CE04CAD42ED05B3000DCD32D /* Release */ = {
			isa = XCBuildConfiguration;
			buildSettings = {
				BUNDLE_LOADER = "$(TEST_HOST)";
				CODE_SIGN_STYLE = Automatic;
				CURRENT_PROJECT_VERSION = 1;
				DEVELOPMENT_TEAM = GQ2BR2HVCB;
				GENERATE_INFOPLIST_FILE = YES;
				IPHONEOS_DEPLOYMENT_TARGET = 18.5;
				MARKETING_VERSION = 1.0;
				PRODUCT_BUNDLE_IDENTIFIER = "miet.Orioks-iOSTests";
				PRODUCT_NAME = "$(TARGET_NAME)";
				SWIFT_EMIT_LOC_STRINGS = NO;
				SWIFT_VERSION = 5.0;
				TARGETED_DEVICE_FAMILY = "1,2";
				TEST_HOST = "$(BUILT_PRODUCTS_DIR)/Orioks_iOS.app/$(BUNDLE_EXECUTABLE_FOLDER_PATH)/Orioks_iOS";
			};
			name = Release;
		};
		CE04CAD62ED05B3000DCD32D /* Debug */ = {
			isa = XCBuildConfiguration;
			buildSettings = {
				CODE_SIGN_STYLE = Automatic;
				CURRENT_PROJECT_VERSION = 1;
				DEVELOPMENT_TEAM = GQ2BR2HVCB;
				GENERATE_INFOPLIST_FILE = YES;
				MARKETING_VERSION = 1.0;
				PRODUCT_BUNDLE_IDENTIFIER = "miet.Orioks-iOSUITests";
				PRODUCT_NAME = "$(TARGET_NAME)";
				SWIFT_EMIT_LOC_STRINGS = NO;
				SWIFT_VERSION = 5.0;
				TARGETED_DEVICE_FAMILY = "1,2";
				TEST_TARGET_NAME = "Orioks-iOS";
			};
			name = Debug;
		};
		CE04CAD72ED05B3000DCD32D /* Release */ = {
			isa = XCBuildConfiguration;
			buildSettings = {
				CODE_SIGN_STYLE = Automatic;
				CURRENT_PROJECT_VERSION = 1;
				DEVELOPMENT_TEAM = GQ2BR2HVCB;
				GENERATE_INFOPLIST_FILE = YES;
				MARKETING_VERSION = 1.0;
				PRODUCT_BUNDLE_IDENTIFIER = "miet.Orioks-iOSUITests";
				PRODUCT_NAME = "$(TARGET_NAME)";
				SWIFT_EMIT_LOC_STRINGS = NO;
				SWIFT_VERSION = 5.0;
				TARGETED_DEVICE_FAMILY = "1,2";
				TEST_TARGET_NAME = "Orioks-iOS";
			};
			name = Release;
		};
/* End XCBuildConfiguration section */

/* Begin XCConfigurationList section */
		CE04CA9F2ED05B2E00DCD32D /* Build configuration list for PBXProject "Orioks_iOS" */ = {
			isa = XCConfigurationList;
			buildConfigurations = (
				CE04CAD02ED05B3000DCD32D /* Debug */,
				CE04CAD12ED05B3000DCD32D /* Release */,
			);
			defaultConfigurationIsVisible = 0;
			defaultConfigurationName = Release;
		};
		CE04CACD2ED05B3000DCD32D /* Build configuration list for PBXNativeTarget "Orioks_iOS" */ = {
			isa = XCConfigurationList;
			buildConfigurations = (
				CE04CACE2ED05B3000DCD32D /* Debug */,
				CE04CACF2ED05B3000DCD32D /* Release */,
			);
			defaultConfigurationIsVisible = 0;
			defaultConfigurationName = Release;
		};
		CE04CAD22ED05B3000DCD32D /* Build configuration list for PBXNativeTarget "Orioks_iOSTests" */ = {
			isa = XCConfigurationList;
			buildConfigurations = (
				CE04CAD32ED05B3000DCD32D /* Debug */,
				CE04CAD42ED05B3000DCD32D /* Release */,
			);
			defaultConfigurationIsVisible = 0;
			defaultConfigurationName = Release;
		};
		CE04CAD52ED05B3000DCD32D /* Build configuration list for PBXNativeTarget "Orioks_iOSUITests" */ = {
			isa = XCConfigurationList;
			buildConfigurations = (
				CE04CAD62ED05B3000DCD32D /* Debug */,
				CE04CAD72ED05B3000DCD32D /* Release */,
			);
			defaultConfigurationIsVisible = 0;
			defaultConfigurationName = Release;
		};
/* End XCConfigurationList section */
	};
	rootObject = CE04CA9C2ED05B2E00DCD32D /* Project object */;
}
